
Microsoft Visual Studio Solution File, Format Version 12.00
Project("{2150E333-8FDC-42A3-9474-1A3956D46DE8}") = "src", "src", "{B795C2C4-6375-453B-9AD6-08F2528AFE68}"
EndProject
Project("{2150E333-8FDC-42A3-9474-1A3956D46DE8}") = "tests", "tests", "{9D83FD23-5269-4AE5-A317-5E6118EF4558}"
EndProject
Project("{FAE04EC0-301F-11D3-BF4B-00C04F79EFBC}") = "THH.API", "src\THH.API\THH.API.csproj", "{B17D4F5E-E3C0-4A61-B72B-99911D38749F}"
EndProject
Project("{FAE04EC0-301F-11D3-BF4B-00C04F79EFBC}") = "THH.Core", "src\THH.Core\THH.Core.csproj", "{9856630A-3599-419D-A67D-BD716D0AACEF}"
EndProject
Project("{FAE04EC0-301F-11D3-BF4B-00C04F79EFBC}") = "THH.Infrastructure", "src\THH.Infrastructure\THH.Infrastructure.csproj", "{E28FA42A-0A55-4961-A188-5C5B6C2FA109}"
EndProject
Project("{FAE04EC0-301F-11D3-BF4B-00C04F79EFBC}") = "UnitTests", "tests\UnitTests\UnitTests.csproj", "{F412D742-7FEF-462F-BC7F-2A8CCAEE8DFA}"
EndProject
Global
	GlobalSection(SolutionConfigurationPlatforms) = preSolution
		Debug|Any CPU = Debug|Any CPU
		Release|Any CPU = Release|Any CPU
	EndGlobalSection
	GlobalSection(NestedProjects) = preSolution
		{B17D4F5E-E3C0-4A61-B72B-99911D38749F} = {B795C2C4-6375-453B-9AD6-08F2528AFE68}
		{9856630A-3599-419D-A67D-BD716D0AACEF} = {B795C2C4-6375-453B-9AD6-08F2528AFE68}
		{E28FA42A-0A55-4961-A188-5C5B6C2FA109} = {B795C2C4-6375-453B-9AD6-08F2528AFE68}
		{F412D742-7FEF-462F-BC7F-2A8CCAEE8DFA} = {9D83FD23-5269-4AE5-A317-5E6118EF4558}
	EndGlobalSection
	GlobalSection(ProjectConfigurationPlatforms) = postSolution
		{B17D4F5E-E3C0-4A61-B72B-99911D38749F}.Debug|Any CPU.ActiveCfg = Debug|Any CPU
		{B17D4F5E-E3C0-4A61-B72B-99911D38749F}.Debug|Any CPU.Build.0 = Debug|Any CPU
		{B17D4F5E-E3C0-4A61-B72B-99911D38749F}.Release|Any CPU.ActiveCfg = Release|Any CPU
		{B17D4F5E-E3C0-4A61-B72B-99911D38749F}.Release|Any CPU.Build.0 = Release|Any CPU
		{9856630A-3599-419D-A67D-BD716D0AACEF}.Debug|Any CPU.ActiveCfg = Debug|Any CPU
		{9856630A-3599-419D-A67D-BD716D0AACEF}.Debug|Any CPU.Build.0 = Debug|Any CPU
		{9856630A-3599-419D-A67D-BD716D0AACEF}.Release|Any CPU.ActiveCfg = Release|Any CPU
		{9856630A-3599-419D-A67D-BD716D0AACEF}.Release|Any CPU.Build.0 = Release|Any CPU
		{E28FA42A-0A55-4961-A188-5C5B6C2FA109}.Debug|Any CPU.ActiveCfg = Debug|Any CPU
		{E28FA42A-0A55-4961-A188-5C5B6C2FA109}.Debug|Any CPU.Build.0 = Debug|Any CPU
		{E28FA42A-0A55-4961-A188-5C5B6C2FA109}.Release|Any CPU.ActiveCfg = Release|Any CPU
		{E28FA42A-0A55-4961-A188-5C5B6C2FA109}.Release|Any CPU.Build.0 = Release|Any CPU
		{F412D742-7FEF-462F-BC7F-2A8CCAEE8DFA}.Debug|Any CPU.ActiveCfg = Debug|Any CPU
		{F412D742-7FEF-462F-BC7F-2A8CCAEE8DFA}.Debug|Any CPU.Build.0 = Debug|Any CPU
		{F412D742-7FEF-462F-BC7F-2A8CCAEE8DFA}.Release|Any CPU.ActiveCfg = Release|Any CPU
		{F412D742-7FEF-462F-BC7F-2A8CCAEE8DFA}.Release|Any CPU.Build.0 = Release|Any CPU
	EndGlobalSection
EndGlobal
